
Microsoft Visual Studio Solution File, Format Version 12.00
# Visual Studio 15
Project("{FAE04EC0-301F-11D3-BF4B-00C04F79EFBC}") = "Assembly-CSharp", "Assembly-CSharp.csproj", "{4A017B03-D350-D574-9760-77DA832FF9D1}"
EndProject
Project("{FAE04EC0-301F-11D3-BF4B-00C04F79EFBC}") = "Assembly-CSharp-Editor", "Assembly-CSharp-Editor.csproj", "{83DCA11D-94BB-6F61-9451-F3CC160CA847}"
EndProject
Global
	GlobalSection(SolutionConfigurationPlatforms) = preSolution
		Debug|Any CPU = Debug|Any CPU
		Release|Any CPU = Release|Any CPU
	EndGlobalSection
	GlobalSection(ProjectConfigurationPlatforms) = postSolution
		{4A017B03-D350-D574-9760-77DA832FF9D1}.Debug|Any CPU.ActiveCfg = Debug|Any CPU
		{4A017B03-D350-D574-9760-77DA832FF9D1}.Debug|Any CPU.Build.0 = Debug|Any CPU
		{4A017B03-D350-D574-9760-77DA832FF9D1}.Release|Any CPU.ActiveCfg = Release|Any CPU
		{4A017B03-D350-D574-9760-77DA832FF9D1}.Release|Any CPU.Build.0 = Release|Any CPU
		{83DCA11D-94BB-6F61-9451-F3CC160CA847}.Debug|Any CPU.ActiveCfg = Debug|Any CPU
		{83DCA11D-94BB-6F61-9451-F3CC160CA847}.Debug|Any CPU.Build.0 = Debug|Any CPU
		{83DCA11D-94BB-6F61-9451-F3CC160CA847}.Release|Any CPU.ActiveCfg = Release|Any CPU
		{83DCA11D-94BB-6F61-9451-F3CC160CA847}.Release|Any CPU.Build.0 = Release|Any CPU
	EndGlobalSection
	GlobalSection(SolutionProperties) = preSolution
		HideSolutionNode = FALSE
	EndGlobalSection
EndGlobal
